# THIS IS AN AUTOGENERATED FILE. DO NOT EDIT THIS FILE DIRECTLY.
# yarn lockfile v1


swagger-editor-dist@^4.2.0:
  version "4.2.0"
  resolved "https://registry.yarnpkg.com/swagger-editor-dist/-/swagger-editor-dist-4.2.0.tgz#cf8c09d93c2960e5ac598b27c58c85bc1a0c7eaf"
  integrity sha512-cdFa/nL3mkSc7sRtJLg5E6z/K/4QAZp/iUa0yN3P5aTj5PN04gxvq0Azi/6w/6c9EqjrVylXUC+pgsCYGZucHg==

swagger-ui-dist@^4.6.2:
  version "4.6.2"
  resolved "https://registry.yarnpkg.com/swagger-ui-dist/-/swagger-ui-dist-4.6.2.tgz#3c6ac79108b67d37c76ac8f8bebf4b432ef81585"
  integrity sha512-BSt+ukOGkGZ2uHV4jyyCAzt60ysyQpGZAAhtIh7AMHT4MH1xXGkoXm2tfr1oRqO1N4IEY6qqNAlmcfMo/dAYuw==
